{
    "version": 3,
    "terraform_version": "0.11.6",
    "serial": 3,
    "lineage": "5d2abbff-af53-e3bf-80f4-04a79ff7c3ed",
    "modules": [
        {
            "path": [
                "root"
            ],
            "outputs": {},
            "resources": {
                "cloudflare_record.223n_tech_blog_ns_primary": {
                    "type": "cloudflare_record",
                    "depends_on": [],
                    "primary": {
                        "id": "69838966987734767913a35b008d749d",
                        "attributes": {
                            "created_on": "2018-04-15T03:27:09.503653Z",
                            "data.%": "0",
                            "domain": "223n.tech",
                            "hostname": "blog.223n.tech",
                            "id": "69838966987734767913a35b008d749d",
                            "metadata.%": "2",
                            "metadata.auto_added": "false",
                            "metadata.managed_by_apps": "false",
                            "modified_on": "2018-04-15T03:27:09.503653Z",
                            "name": "blog",
                            "priority": "0",
                            "proxiable": "false",
                            "proxied": "false",
                            "ttl": "1",
                            "type": "NS",
                            "value": "ns1.dns.ne.jp",
                            "zone_id": "60a3501e9de2dc00189798c78ccf46d6"
                        },
                        "meta": {
                            "schema_version": "1"
                        },
                        "tainted": false
                    },
                    "deposed": [],
                    "provider": "provider.cloudflare"
                },
                "cloudflare_record.223n_tech_blog_ns_secondary": {
                    "type": "cloudflare_record",
                    "depends_on": [],
                    "primary": {
                        "id": "5c3bb07ff93936eb781dc2477a8af948",
                        "attributes": {
                            "created_on": "2018-04-15T03:27:09.756898Z",
                            "data.%": "0",
                            "domain": "223n.tech",
                            "hostname": "blog.223n.tech",
                            "id": "5c3bb07ff93936eb781dc2477a8af948",
                            "metadata.%": "2",
                            "metadata.auto_added": "false",
                            "metadata.managed_by_apps": "false",
                            "modified_on": "2018-04-15T03:27:09.756898Z",
                            "name": "blog",
                            "priority": "0",
                            "proxiable": "false",
                            "proxied": "false",
                            "ttl": "1",
                            "type": "NS",
                            "value": "ns2.dns.ne.jp",
                            "zone_id": "60a3501e9de2dc00189798c78ccf46d6"
                        },
                        "meta": {
                            "schema_version": "1"
                        },
                        "tainted": false
                    },
                    "deposed": [],
                    "provider": "provider.cloudflare"
                },
                "cloudflare_record.223n_tech_dkim": {
                    "type": "cloudflare_record",
                    "depends_on": [],
                    "primary": {
                        "id": "735566800a8219c5abeb3ac8e7597999",
                        "attributes": {
                            "created_on": "2018-04-13T04:21:45.40883Z",
                            "data.%": "0",
                            "domain": "223n.tech",
                            "hostname": "google._domainkey.223n.tech",
                            "id": "735566800a8219c5abeb3ac8e7597999",
                            "metadata.%": "2",
                            "metadata.auto_added": "false",
                            "metadata.managed_by_apps": "false",
                            "modified_on": "2018-04-13T04:21:45.40883Z",
                            "name": "google._domainkey",
                            "priority": "0",
                            "proxiable": "false",
                            "proxied": "false",
                            "ttl": "1",
                            "type": "TXT",
                            "value": "v=DKIM1; k=rsa; p=MIGfMA0GCSqGSIb3DQEBAQUAA4GNADCBiQKBgQCe6dL29XcAvNXSODgRkeekGQu3nh3iXi0H1T9eIaXPX3GQBCmDSSwxFmhaA76BNKrpdFEpZ3CrElz92AD0tL2tdXoyPXydG+rlEsvKn+bn1WnIgL5CvjXlAARSbosINRIIXyT47m84V3CvEDq/IUx4P27jck7p5uYiFH3/Kb3evQIDAQAB",
                            "zone_id": "60a3501e9de2dc00189798c78ccf46d6"
                        },
                        "meta": {
                            "schema_version": "1"
                        },
                        "tainted": false
                    },
                    "deposed": [],
                    "provider": "provider.cloudflare"
                },
                "cloudflare_record.223n_tech_dmarc": {
                    "type": "cloudflare_record",
                    "depends_on": [],
                    "primary": {
                        "id": "e1a36af7f73d2281e0579ba36fde5419",
                        "attributes": {
                            "created_on": "2018-04-13T04:21:45.681743Z",
                            "data.%": "0",
                            "domain": "223n.tech",
                            "hostname": "_dmarc.223n.tech",
                            "id": "e1a36af7f73d2281e0579ba36fde5419",
                            "metadata.%": "2",
                            "metadata.auto_added": "false",
                            "metadata.managed_by_apps": "false",
                            "modified_on": "2018-04-13T04:21:45.681743Z",
                            "name": "_dmarc",
                            "priority": "0",
                            "proxiable": "false",
                            "proxied": "false",
                            "ttl": "1",
                            "type": "TXT",
                            "value": "v=DMARC1; p=none; rua=mailto:223n@223n.tech",
                            "zone_id": "60a3501e9de2dc00189798c78ccf46d6"
                        },
                        "meta": {
                            "schema_version": "1"
                        },
                        "tainted": false
                    },
                    "deposed": [],
                    "provider": "provider.cloudflare"
                },
                "cloudflare_record.223n_tech_google_site_verification": {
                    "type": "cloudflare_record",
                    "depends_on": [],
                    "primary": {
                        "id": "4d77c62d76f8c24a753a313178f69c7d",
                        "attributes": {
                            "created_on": "2018-04-13T04:21:47.523692Z",
                            "data.%": "0",
                            "domain": "223n.tech",
                            "hostname": "223n.tech",
                            "id": "4d77c62d76f8c24a753a313178f69c7d",
                            "metadata.%": "2",
                            "metadata.auto_added": "false",
                            "metadata.managed_by_apps": "false",
                            "modified_on": "2018-04-13T04:21:47.523692Z",
                            "name": "@",
                            "priority": "0",
                            "proxiable": "false",
                            "proxied": "false",
                            "ttl": "1",
                            "type": "TXT",
                            "value": "google-site-verification=j2iRgDV1dcpeEU8SJ0VYd9kTnnPGQvWTS9zJsJv9Fv0",
                            "zone_id": "60a3501e9de2dc00189798c78ccf46d6"
                        },
                        "meta": {
                            "schema_version": "1"
                        },
                        "tainted": false
                    },
                    "deposed": [],
                    "provider": "provider.cloudflare"
                },
                "cloudflare_record.223n_tech_mx1": {
                    "type": "cloudflare_record",
                    "depends_on": [],
                    "primary": {
                        "id": "aa6e73603e0eef565f074f0bcd2875cf",
                        "attributes": {
                            "created_on": "2018-04-13T04:21:46.158638Z",
                            "data.%": "0",
                            "domain": "223n.tech",
                            "hostname": "223n.tech",
                            "id": "aa6e73603e0eef565f074f0bcd2875cf",
                            "metadata.%": "2",
                            "metadata.auto_added": "false",
                            "metadata.managed_by_apps": "false",
                            "modified_on": "2018-04-13T04:21:46.158638Z",
                            "name": "@",
                            "priority": "1",
                            "proxiable": "false",
                            "proxied": "false",
                            "ttl": "1",
                            "type": "MX",
                            "value": "aspmx.l.google.com",
                            "zone_id": "60a3501e9de2dc00189798c78ccf46d6"
                        },
                        "meta": {
                            "schema_version": "1"
                        },
                        "tainted": false
                    },
                    "deposed": [],
                    "provider": "provider.cloudflare"
                },
                "cloudflare_record.223n_tech_mx2": {
                    "type": "cloudflare_record",
                    "depends_on": [],
                    "primary": {
                        "id": "fa38ee665b5628a0c71c25d6e943f9db",
                        "attributes": {
                            "created_on": "2018-04-13T04:21:47.400425Z",
                            "data.%": "0",
                            "domain": "223n.tech",
                            "hostname": "223n.tech",
                            "id": "fa38ee665b5628a0c71c25d6e943f9db",
                            "metadata.%": "2",
                            "metadata.auto_added": "false",
                            "metadata.managed_by_apps": "false",
                            "modified_on": "2018-04-13T04:21:47.400425Z",
                            "name": "@",
                            "priority": "5",
                            "proxiable": "false",
                            "proxied": "false",
                            "ttl": "1",
                            "type": "MX",
                            "value": "alt1.aspmx.l.google.com",
                            "zone_id": "60a3501e9de2dc00189798c78ccf46d6"
                        },
                        "meta": {
                            "schema_version": "1"
                        },
                        "tainted": false
                    },
                    "deposed": [],
                    "provider": "provider.cloudflare"
                },
                "cloudflare_record.223n_tech_mx3": {
                    "type": "cloudflare_record",
                    "depends_on": [],
                    "primary": {
                        "id": "e22cb588d1e73d37dd66de6b10a8e9ed",
                        "attributes": {
                            "created_on": "2018-04-13T04:21:46.705992Z",
                            "data.%": "0",
                            "domain": "223n.tech",
                            "hostname": "223n.tech",
                            "id": "e22cb588d1e73d37dd66de6b10a8e9ed",
                            "metadata.%": "2",
                            "metadata.auto_added": "false",
                            "metadata.managed_by_apps": "false",
                            "modified_on": "2018-04-13T04:21:46.705992Z",
                            "name": "@",
                            "priority": "5",
                            "proxiable": "false",
                            "proxied": "false",
                            "ttl": "1",
                            "type": "MX",
                            "value": "alt2.aspmx.l.google.com",
                            "zone_id": "60a3501e9de2dc00189798c78ccf46d6"
                        },
                        "meta": {
                            "schema_version": "1"
                        },
                        "tainted": false
                    },
                    "deposed": [],
                    "provider": "provider.cloudflare"
                },
                "cloudflare_record.223n_tech_mx4": {
                    "type": "cloudflare_record",
                    "depends_on": [],
                    "primary": {
                        "id": "1658aa6b7f210d4f370159673c6b8b43",
                        "attributes": {
                            "created_on": "2018-04-13T04:21:46.399744Z",
                            "data.%": "0",
                            "domain": "223n.tech",
                            "hostname": "223n.tech",
                            "id": "1658aa6b7f210d4f370159673c6b8b43",
                            "metadata.%": "2",
                            "metadata.auto_added": "false",
                            "metadata.managed_by_apps": "false",
                            "modified_on": "2018-04-13T04:21:46.399744Z",
                            "name": "@",
                            "priority": "10",
                            "proxiable": "false",
                            "proxied": "false",
                            "ttl": "1",
                            "type": "MX",
                            "value": "alt3.aspmx.l.google.com",
                            "zone_id": "60a3501e9de2dc00189798c78ccf46d6"
                        },
                        "meta": {
                            "schema_version": "1"
                        },
                        "tainted": false
                    },
                    "deposed": [],
                    "provider": "provider.cloudflare"
                },
                "cloudflare_record.223n_tech_mx5": {
                    "type": "cloudflare_record",
                    "depends_on": [],
                    "primary": {
                        "id": "5a31beda9e610e303c0bc08364aa2c70",
                        "attributes": {
                            "created_on": "2018-04-13T04:21:47.171147Z",
                            "data.%": "0",
                            "domain": "223n.tech",
                            "hostname": "223n.tech",
                            "id": "5a31beda9e610e303c0bc08364aa2c70",
                            "metadata.%": "2",
                            "metadata.auto_added": "false",
                            "metadata.managed_by_apps": "false",
                            "modified_on": "2018-04-13T04:21:47.171147Z",
                            "name": "@",
                            "priority": "10",
                            "proxiable": "false",
                            "proxied": "false",
                            "ttl": "1",
                            "type": "MX",
                            "value": "alt4.aspmx.l.google.com",
                            "zone_id": "60a3501e9de2dc00189798c78ccf46d6"
                        },
                        "meta": {
                            "schema_version": "1"
                        },
                        "tainted": false
                    },
                    "deposed": [],
                    "provider": "provider.cloudflare"
                },
                "cloudflare_record.223n_tech_spf": {
                    "type": "cloudflare_record",
                    "depends_on": [],
                    "primary": {
                        "id": "bd0320ce0b391b68b1827b0fc5c7e90e",
                        "attributes": {
                            "created_on": "2018-04-13T04:21:46.530603Z",
                            "data.%": "0",
                            "domain": "223n.tech",
                            "hostname": "223n.tech",
                            "id": "bd0320ce0b391b68b1827b0fc5c7e90e",
                            "metadata.%": "2",
                            "metadata.auto_added": "false",
                            "metadata.managed_by_apps": "false",
                            "modified_on": "2018-04-13T04:21:46.530603Z",
                            "name": "@",
                            "priority": "0",
                            "proxiable": "false",
                            "proxied": "false",
                            "ttl": "1",
                            "type": "TXT",
                            "value": "v=spf1 include:_spf.google.com ~all",
                            "zone_id": "60a3501e9de2dc00189798c78ccf46d6"
                        },
                        "meta": {
                            "schema_version": "1"
                        },
                        "tainted": false
                    },
                    "deposed": [],
                    "provider": "provider.cloudflare"
                }
            },
            "depends_on": []
        }
    ]
}
